{
  "name": "trust-apex-os",
  "version": "419.0.0",
  "lockfileVersion": 3,
  "requires": true,
  "packages": {
    "": {
      "name": "trust-apex-os",
      "version": "419.0.0",
<<<<<<< HEAD
      "dependencies": {
        "bcryptjs": "^3.0.3",
        "next": "14.2.31",
        "pg": "8.16.3",
        "react": "18.3.1",
        "react-dom": "18.3.1"
      },
      "devDependencies": {
        "@types/node": "20.17.30",
        "@types/pg": "8.15.5",
        "@types/react": "18.3.18",
        "@types/react-dom": "18.3.5",
        "typescript": "5.8.2"
      },
      "engines": {
        "node": ">=18.17.0"
      }
    },
    "node_modules/@next/env": {
      "version": "14.2.31",
      "resolved": "https://registry.npmjs.org/@next/env/-/env-14.2.31.tgz",
      "integrity": "sha512-X8VxxYL6VuezrG82h0pUA1V+DuTSJp7Nv15bxq3ivrFqZLjx81rfeHMWOE9T0jm1n3DtHGv8gdn6B0T0kr0D3Q==",
      "license": "MIT"
    },
    "node_modules/@next/swc-darwin-arm64": {
      "version": "14.2.31",
      "resolved": "https://registry.npmjs.org/@next/swc-darwin-arm64/-/swc-darwin-arm64-14.2.31.tgz",
      "integrity": "sha512-dTHKfaFO/xMJ3kzhXYgf64VtV6MMwDs2viedDOdP+ezd0zWMOQZkxcwOfdcQeQCpouTr9b+xOqMCUXxgLizl8Q==",
      "cpu": [
        "arm64"
      ],
      "license": "MIT",
      "optional": true,
      "os": [
        "darwin"
      ],
      "engines": {
        "node": ">= 10"
      }
    },
    "node_modules/@next/swc-darwin-x64": {
      "version": "14.2.31",
      "resolved": "https://registry.npmjs.org/@next/swc-darwin-x64/-/swc-darwin-x64-14.2.31.tgz",
      "integrity": "sha512-iSavebQgeMukUAfjfW8Fi2Iz01t95yxRl2w2wCzjD91h5In9la99QIDKcKSYPfqLjCgwz3JpIWxLG6LM/sxL4g==",
      "cpu": [
        "x64"
      ],
      "license": "MIT",
      "optional": true,
      "os": [
        "darwin"
      ],
      "engines": {
        "node": ">= 10"
      }
    },
    "node_modules/@next/swc-linux-arm64-gnu": {
      "version": "14.2.31",
      "resolved": "https://registry.npmjs.org/@next/swc-linux-arm64-gnu/-/swc-linux-arm64-gnu-14.2.31.tgz",
      "integrity": "sha512-XJb3/LURg1u1SdQoopG6jDL2otxGKChH2UYnUTcby4izjM0il7ylBY5TIA7myhvHj9lG5pn9F2nR2s3i8X9awQ==",
      "cpu": [
        "arm64"
      ],
      "libc": [
        "glibc"
      ],
      "license": "MIT",
      "optional": true,
      "os": [
        "linux"
      ],
      "engines": {
        "node": ">= 10"
      }
    },
    "node_modules/@next/swc-linux-arm64-musl": {
      "version": "14.2.31",
      "resolved": "https://registry.npmjs.org/@next/swc-linux-arm64-musl/-/swc-linux-arm64-musl-14.2.31.tgz",
      "integrity": "sha512-IInDAcchNCu3BzocdqdCv1bKCmUVO/bKJHnBFTeq3svfaWpOPewaLJ2Lu3GL4yV76c/86ZvpBbG/JJ1lVIs5MA==",
      "cpu": [
        "arm64"
      ],
      "libc": [
        "musl"
      ],
      "license": "MIT",
      "optional": true,
      "os": [
        "linux"
      ],
      "engines": {
        "node": ">= 10"
      }
    },
    "node_modules/@next/swc-linux-x64-gnu": {
      "version": "14.2.31",
      "resolved": "https://registry.npmjs.org/@next/swc-linux-x64-gnu/-/swc-linux-x64-gnu-14.2.31.tgz",
      "integrity": "sha512-YTChJL5/9e4NXPKW+OJzsQa42RiWUNbE+k+ReHvA+lwXk+bvzTsVQboNcezWOuCD+p/J+ntxKOB/81o0MenBhw==",
      "cpu": [
        "x64"
      ],
      "libc": [
        "glibc"
      ],
      "license": "MIT",
      "optional": true,
      "os": [
        "linux"
      ],
      "engines": {
        "node": ">= 10"
      }
    },
    "node_modules/@next/swc-linux-x64-musl": {
      "version": "14.2.31",
      "resolved": "https://registry.npmjs.org/@next/swc-linux-x64-musl/-/swc-linux-x64-musl-14.2.31.tgz",
      "integrity": "sha512-A0JmD1y4q/9ufOGEAhoa60Sof++X10PEoiWOH0gZ2isufWZeV03NnyRlRmJpRQWGIbRkJUmBo9I3Qz5C10vx4w==",
      "cpu": [
        "x64"
      ],
      "libc": [
        "musl"
      ],
      "license": "MIT",
      "optional": true,
      "os": [
        "linux"
      ],
      "engines": {
        "node": ">= 10"
      }
    },
    "node_modules/@next/swc-win32-arm64-msvc": {
      "version": "14.2.31",
      "resolved": "https://registry.npmjs.org/@next/swc-win32-arm64-msvc/-/swc-win32-arm64-msvc-14.2.31.tgz",
      "integrity": "sha512-nowJ5GbMeDOMzbTm29YqrdrD6lTM8qn2wnZfGpYMY7SZODYYpaJHH1FJXE1l1zWICHR+WfIMytlTDBHu10jb8A==",
      "cpu": [
        "arm64"
      ],
      "license": "MIT",
      "optional": true,
      "os": [
        "win32"
      ],
      "engines": {
        "node": ">= 10"
      }
    },
    "node_modules/@next/swc-win32-ia32-msvc": {
      "version": "14.2.31",
      "resolved": "https://registry.npmjs.org/@next/swc-win32-ia32-msvc/-/swc-win32-ia32-msvc-14.2.31.tgz",
      "integrity": "sha512-pk9Bu4K0015anTS1OS9d/SpS0UtRObC+xe93fwnm7Gvqbv/W1ZbzhK4nvc96RURIQOux3P/bBH316xz8wjGSsA==",
      "cpu": [
        "ia32"
      ],
      "license": "MIT",
      "optional": true,
      "os": [
        "win32"
      ],
      "engines": {
        "node": ">= 10"
      }
    },
    "node_modules/@next/swc-win32-x64-msvc": {
      "version": "14.2.31",
      "resolved": "https://registry.npmjs.org/@next/swc-win32-x64-msvc/-/swc-win32-x64-msvc-14.2.31.tgz",
      "integrity": "sha512-LwFZd4JFnMHGceItR9+jtlMm8lGLU/IPkgjBBgYmdYSfalbHCiDpjMYtgDQ2wtwiAOSJOCyFI4m8PikrsDyA6Q==",
      "cpu": [
        "x64"
      ],
      "license": "MIT",
      "optional": true,
      "os": [
        "win32"
      ],
      "engines": {
        "node": ">= 10"
      }
    },
    "node_modules/@swc/counter": {
      "version": "0.1.3",
      "resolved": "https://registry.npmjs.org/@swc/counter/-/counter-0.1.3.tgz",
      "integrity": "sha512-e2BR4lsJkkRlKZ/qCHPw9ZaSxc0MVUd7gtbtaB7aMvHeJVYe8sOB8DBZkP2DtISHGSku9sCK6T6cnY0CtXrOCQ==",
      "license": "Apache-2.0"
    },
    "node_modules/@swc/helpers": {
      "version": "0.5.5",
      "resolved": "https://registry.npmjs.org/@swc/helpers/-/helpers-0.5.5.tgz",
      "integrity": "sha512-KGYxvIOXcceOAbEk4bi/dVLEK9z8sZ0uBB3Il5b1rhfClSpcX0yfRO0KmTkqR2cnQDymwLB+25ZyMzICg/cm/A==",
      "license": "Apache-2.0",
      "dependencies": {
        "@swc/counter": "^0.1.3",
        "tslib": "^2.4.0"
      }
    },
    "node_modules/@types/node": {
      "version": "20.17.30",
      "resolved": "https://registry.npmjs.org/@types/node/-/node-20.17.30.tgz",
      "integrity": "sha512-7zf4YyHA+jvBNfVrk2Gtvs6x7E8V+YDW05bNfG2XkWDJfYRXrTiP/DsB2zSYTaHX0bGIujTBQdMVAhb+j7mwpg==",
      "dev": true,
      "license": "MIT",
      "dependencies": {
        "undici-types": "~6.19.2"
      }
    },
    "node_modules/@types/pg": {
      "version": "8.15.5",
      "resolved": "https://registry.npmjs.org/@types/pg/-/pg-8.15.5.tgz",
      "integrity": "sha512-LF7lF6zWEKxuT3/OR8wAZGzkg4ENGXFNyiV/JeOt9z5B+0ZVwbql9McqX5c/WStFq1GaGso7H1AzP/qSzmlCKQ==",
      "dev": true,
      "license": "MIT",
      "dependencies": {
        "@types/node": "*",
        "pg-protocol": "*",
        "pg-types": "^2.2.0"
      }
    },
    "node_modules/@types/prop-types": {
      "version": "15.7.15",
      "resolved": "https://registry.npmjs.org/@types/prop-types/-/prop-types-15.7.15.tgz",
      "integrity": "sha512-F6bEyamV9jKGAFBEmlQnesRPGOQqS2+Uwi0Em15xenOxHaf2hv6L8YCVn3rPdPJOiJfPiCnLIRyvwVaqMY3MIw==",
      "dev": true,
      "license": "MIT"
    },
    "node_modules/@types/react": {
      "version": "18.3.18",
      "resolved": "https://registry.npmjs.org/@types/react/-/react-18.3.18.tgz",
      "integrity": "sha512-t4yC+vtgnkYjNSKlFx1jkAhH8LgTo2N/7Qvi83kdEaUtMDiwpbLAktKDaAMlRcJ5eSxZkH74eEGt1ky31d7kfQ==",
      "dev": true,
      "license": "MIT",
      "dependencies": {
        "@types/prop-types": "*",
        "csstype": "^3.0.2"
      }
    },
    "node_modules/@types/react-dom": {
      "version": "18.3.5",
      "resolved": "https://registry.npmjs.org/@types/react-dom/-/react-dom-18.3.5.tgz",
      "integrity": "sha512-P4t6saawp+b/dFrUr2cvkVsfvPguwsxtH6dNIYRllMsefqFzkZk5UIjzyDOv5g1dXIPdG4Sp1yCR4Z6RCUsG/Q==",
      "dev": true,
      "license": "MIT",
      "peerDependencies": {
        "@types/react": "^18.0.0"
      }
    },
    "node_modules/bcryptjs": {
      "version": "3.0.3",
      "resolved": "https://registry.npmjs.org/bcryptjs/-/bcryptjs-3.0.3.tgz",
      "integrity": "sha512-GlF5wPWnSa/X5LKM1o0wz0suXIINz1iHRLvTS+sLyi7XPbe5ycmYI3DlZqVGZZtDgl4DmasFg7gOB3JYbphV5g==",
      "license": "BSD-3-Clause",
      "bin": {
        "bcrypt": "bin/bcrypt"
      }
    },
    "node_modules/busboy": {
      "version": "1.6.0",
      "resolved": "https://registry.npmjs.org/busboy/-/busboy-1.6.0.tgz",
      "integrity": "sha512-8SFQbg/0hQ9xy3UNTB0YEnsNBbWfhf7RtnzpL7TkBiTBRfrQ9Fxcnz7VJsleJpyp6rVLvXiuORqjlHi5q+PYuA==",
      "dependencies": {
        "streamsearch": "^1.1.0"
      },
      "engines": {
        "node": ">=10.16.0"
      }
    },
    "node_modules/caniuse-lite": {
      "version": "1.0.30001814",
      "resolved": "https://registry.npmjs.org/caniuse-lite/-/caniuse-lite-1.0.30001814.tgz",
      "integrity": "sha512-/Uaf1lAzr59XcMpW0o96WoEfr+VXK2OX4U9AgFoiSHsVJ4HppnIFUjtYzsyDH2+tgANaQb2/oxYGwCPapN1FpA==",
      "funding": [
        {
          "type": "opencollective",
          "url": "https://opencollective.com/browserslist"
        },
        {
          "type": "tidelift",
          "url": "https://tidelift.com/funding/github/npm/caniuse-lite"
        },
        {
          "type": "github",
          "url": "https://github.com/sponsors/ai"
        }
      ],
      "license": "CC-BY-4.0"
    },
    "node_modules/client-only": {
      "version": "0.0.1",
      "resolved": "https://registry.npmjs.org/client-only/-/client-only-0.0.1.tgz",
      "integrity": "sha512-IV3Ou0jSMzZrd3pZ48nLkT9DA7Ag1pnPzaiQhpW7c3RbcqqzvzzVu+L8gfqMp/8IM2MQtSiqaCxrrcfu8I8rMA==",
      "license": "MIT"
    },
    "node_modules/csstype": {
      "version": "3.2.3",
      "resolved": "https://registry.npmjs.org/csstype/-/csstype-3.2.3.tgz",
      "integrity": "sha512-z1HGKcYy2xA8AGQfwrn0PAy+PB7X/GSj3UVJW9qKyn43xWa+gl5nXmU4qqLMRzWVLFC8KusUX8T/0kCiOYpAIQ==",
      "dev": true,
      "license": "MIT"
    },
    "node_modules/graceful-fs": {
      "version": "4.2.11",
      "resolved": "https://registry.npmjs.org/graceful-fs/-/graceful-fs-4.2.11.tgz",
      "integrity": "sha512-RbJ5/jmFcNNCcDV5o9eTnBLJ/HszWV0P73bc+Ff4nS/rJj+YaS6IGyiOL0VoBYX+l1Wrl3k63h/KrH+nhJ0XvQ==",
      "license": "ISC"
    },
    "node_modules/js-tokens": {
      "version": "4.0.0",
      "resolved": "https://registry.npmjs.org/js-tokens/-/js-tokens-4.0.0.tgz",
      "integrity": "sha512-RdJUflcE3cUzKiMqQgsCu06FPu9UdIJO0beYbPhHN4k6apgJtifcoCtT9bcxOpYBtpD2kCM6Sbzg4CausW/PKQ==",
      "license": "MIT"
    },
    "node_modules/loose-envify": {
      "version": "1.4.0",
      "resolved": "https://registry.npmjs.org/loose-envify/-/loose-envify-1.4.0.tgz",
      "integrity": "sha512-lyuxPGr/Wfhrlem2CL/UcnUc1zcqKAImBDzukY7Y5F/yQiNdko6+fRLevlw1HgMySw7f611UIY408EtxRSoK3Q==",
      "license": "MIT",
      "dependencies": {
        "js-tokens": "^3.0.0 || ^4.0.0"
      },
      "bin": {
        "loose-envify": "cli.js"
      }
    },
    "node_modules/nanoid": {
      "version": "3.3.19",
      "resolved": "https://registry.npmjs.org/nanoid/-/nanoid-3.3.19.tgz",
      "integrity": "sha512-Y2tUNy4ouw6tq5oDSKeQYGOyhkUBhNOcGV/02KC+6kd9eDGqdZd++mjMiIDilrBYvjEnCYvVtsuHCuP+okSfug==",
      "funding": [
        {
          "type": "github",
          "url": "https://github.com/sponsors/ai"
        }
      ],
      "license": "MIT",
      "bin": {
        "nanoid": "bin/nanoid.cjs"
      },
      "engines": {
        "node": "^10 || ^12 || ^13.7 || ^14 || >=15.0.1"
      }
    },
    "node_modules/next": {
      "version": "14.2.31",
      "resolved": "https://registry.npmjs.org/next/-/next-14.2.31.tgz",
      "integrity": "sha512-Wyw1m4t8PhqG+or5a1U/Deb888YApC4rAez9bGhHkTsfwAy4SWKVro0GhEx4sox1856IbLhvhce2hAA6o8vkog==",
      "deprecated": "This version has a security vulnerability. Please upgrade to a patched version. See https://nextjs.org/blog/security-update-2025-12-11 for more details.",
      "license": "MIT",
      "dependencies": {
        "@next/env": "14.2.31",
        "@swc/helpers": "0.5.5",
        "busboy": "1.6.0",
        "caniuse-lite": "^1.0.30001579",
        "graceful-fs": "^4.2.11",
        "postcss": "8.4.31",
        "styled-jsx": "5.1.1"
      },
      "bin": {
        "next": "dist/bin/next"
      },
      "engines": {
        "node": ">=18.17.0"
      },
      "optionalDependencies": {
        "@next/swc-darwin-arm64": "14.2.31",
        "@next/swc-darwin-x64": "14.2.31",
        "@next/swc-linux-arm64-gnu": "14.2.31",
        "@next/swc-linux-arm64-musl": "14.2.31",
        "@next/swc-linux-x64-gnu": "14.2.31",
        "@next/swc-linux-x64-musl": "14.2.31",
        "@next/swc-win32-arm64-msvc": "14.2.31",
        "@next/swc-win32-ia32-msvc": "14.2.31",
        "@next/swc-win32-x64-msvc": "14.2.31"
      },
      "peerDependencies": {
        "@opentelemetry/api": "^1.1.0",
        "@playwright/test": "^1.41.2",
        "react": "^18.2.0",
        "react-dom": "^18.2.0",
        "sass": "^1.3.0"
      },
      "peerDependenciesMeta": {
        "@opentelemetry/api": {
          "optional": true
        },
        "@playwright/test": {
          "optional": true
        },
        "sass": {
          "optional": true
        }
      }
    },
    "node_modules/pg": {
      "version": "8.16.3",
      "resolved": "https://registry.npmjs.org/pg/-/pg-8.16.3.tgz",
      "integrity": "sha512-enxc1h0jA/aq5oSDMvqyW3q89ra6XIIDZgCX9vkMrnz5DFTw/Ny3Li2lFQ+pt3L6MCgm/5o2o8HW9hiJji+xvw==",
      "license": "MIT",
      "dependencies": {
        "pg-connection-string": "^2.9.1",
        "pg-pool": "^3.10.1",
        "pg-protocol": "^1.10.3",
        "pg-types": "2.2.0",
        "pgpass": "1.0.5"
      },
      "engines": {
        "node": ">= 16.0.0"
      },
      "optionalDependencies": {
        "pg-cloudflare": "^1.2.7"
      },
      "peerDependencies": {
        "pg-native": ">=3.0.1"
      },
      "peerDependenciesMeta": {
        "pg-native": {
          "optional": true
        }
      }
    },
    "node_modules/pg-cloudflare": {
      "version": "1.4.1",
      "resolved": "https://registry.npmjs.org/pg-cloudflare/-/pg-cloudflare-1.4.1.tgz",
      "integrity": "sha512-6PQbsFWZcp9EmJEwy5cGQ2La+AMWpP46lgbb8X+U/XsHIUweYDNCpeuKck5RxL2MdVFi7krbbEi5nX4Zh7JhrQ==",
      "license": "MIT",
      "optional": true
    },
    "node_modules/pg-connection-string": {
      "version": "2.14.1",
      "resolved": "https://registry.npmjs.org/pg-connection-string/-/pg-connection-string-2.14.1.tgz",
      "integrity": "sha512-qR3kGNPBLpCNtz0evbKA0Y/MRFXwSSdT+pTJvYp/bXTcReZbvX1kzF0IyTc1QnxqF7AZbOeBhNL8R5mYQZV/MA==",
      "license": "MIT"
    },
    "node_modules/pg-int8": {
      "version": "1.0.1",
      "resolved": "https://registry.npmjs.org/pg-int8/-/pg-int8-1.0.1.tgz",
      "integrity": "sha512-WCtabS6t3c8SkpDBUlb1kjOs7l66xsGdKpIPZsg4wR+B3+u9UAum2odSsF9tnvxg80h4ZxLWMy4pRjOsFIqQpw==",
      "license": "ISC",
      "engines": {
        "node": ">=4.0.0"
      }
    },
    "node_modules/pg-pool": {
      "version": "3.14.0",
      "resolved": "https://registry.npmjs.org/pg-pool/-/pg-pool-3.14.0.tgz",
      "integrity": "sha512-gKtPkFdQPU3DksooVLi9LsjZxrsBUZIpa+7aVx+LV5pNh0KzP4Zleud2po+ConrxbuXGBJ6Hfer6hdgpIBpBaw==",
      "license": "MIT",
      "peerDependencies": {
        "pg": ">=8.0"
      }
    },
    "node_modules/pg-protocol": {
      "version": "1.16.1",
      "resolved": "https://registry.npmjs.org/pg-protocol/-/pg-protocol-1.16.1.tgz",
      "integrity": "sha512-p9VOFMiHB/ZbJATetbg+99PxssTVSQRnyuPSQ67mN1+1KBOjZaZ83ZQzltnxPhJwSsC3nwVjJ10DVJlerbFzLg==",
      "license": "MIT"
    },
    "node_modules/pg-types": {
      "version": "2.2.0",
      "resolved": "https://registry.npmjs.org/pg-types/-/pg-types-2.2.0.tgz",
      "integrity": "sha512-qTAAlrEsl8s4OiEQY69wDvcMIdQN6wdz5ojQiOy6YRMuynxenON0O5oCpJI6lshc6scgAY8qvJ2On/p+CXY0GA==",
      "license": "MIT",
      "dependencies": {
        "pg-int8": "1.0.1",
        "postgres-array": "~2.0.0",
        "postgres-bytea": "~1.0.0",
        "postgres-date": "~1.0.4",
        "postgres-interval": "^1.1.0"
      },
      "engines": {
        "node": ">=4"
      }
    },
    "node_modules/pgpass": {
      "version": "1.0.5",
      "resolved": "https://registry.npmjs.org/pgpass/-/pgpass-1.0.5.tgz",
      "integrity": "sha512-FdW9r/jQZhSeohs1Z3sI1yxFQNFvMcnmfuj4WBMUTxOrAyLMaTcE1aAMBiTlbMNaXvBCQuVi0R7hd8udDSP7ug==",
      "license": "MIT",
      "dependencies": {
        "split2": "^4.1.0"
      }
    },
    "node_modules/picocolors": {
      "version": "1.1.1",
      "resolved": "https://registry.npmjs.org/picocolors/-/picocolors-1.1.1.tgz",
      "integrity": "sha512-xceH2snhtb5M9liqDsmEw56le376mTZkEX/jEb/RxNFyegNul7eNslCXP9FDj/Lcu0X8KEyMceP2ntpaHrDEVA==",
      "license": "ISC"
    },
    "node_modules/postcss": {
      "version": "8.4.31",
      "resolved": "https://registry.npmjs.org/postcss/-/postcss-8.4.31.tgz",
      "integrity": "sha512-PS08Iboia9mts/2ygV3eLpY5ghnUcfLV/EXTOW1E2qYxJKGGBUtNjN76FYHnMs36RmARn41bC0AZmn+rR0OVpQ==",
      "funding": [
        {
          "type": "opencollective",
          "url": "https://opencollective.com/postcss/"
        },
        {
          "type": "tidelift",
          "url": "https://tidelift.com/funding/github/npm/postcss"
        },
        {
          "type": "github",
          "url": "https://github.com/sponsors/ai"
        }
      ],
      "license": "MIT",
      "dependencies": {
        "nanoid": "^3.3.6",
        "picocolors": "^1.0.0",
        "source-map-js": "^1.0.2"
      },
      "engines": {
        "node": "^10 || ^12 || >=14"
      }
    },
    "node_modules/postgres-array": {
      "version": "2.0.0",
      "resolved": "https://registry.npmjs.org/postgres-array/-/postgres-array-2.0.0.tgz",
      "integrity": "sha512-VpZrUqU5A69eQyW2c5CA1jtLecCsN2U/bD6VilrFDWq5+5UIEVO7nazS3TEcHf1zuPYO/sqGvUvW62g86RXZuA==",
      "license": "MIT",
      "engines": {
        "node": ">=4"
      }
    },
    "node_modules/postgres-bytea": {
      "version": "1.0.1",
      "resolved": "https://registry.npmjs.org/postgres-bytea/-/postgres-bytea-1.0.1.tgz",
      "integrity": "sha512-5+5HqXnsZPE65IJZSMkZtURARZelel2oXUEO8rH83VS/hxH5vv1uHquPg5wZs8yMAfdv971IU+kcPUczi7NVBQ==",
      "license": "MIT",
      "engines": {
        "node": ">=0.10.0"
      }
    },
    "node_modules/postgres-date": {
      "version": "1.0.7",
      "resolved": "https://registry.npmjs.org/postgres-date/-/postgres-date-1.0.7.tgz",
      "integrity": "sha512-suDmjLVQg78nMK2UZ454hAG+OAW+HQPZ6n++TNDUX+L0+uUlLywnoxJKDou51Zm+zTCjrCl0Nq6J9C5hP9vK/Q==",
      "license": "MIT",
      "engines": {
        "node": ">=0.10.0"
      }
    },
    "node_modules/postgres-interval": {
      "version": "1.2.0",
      "resolved": "https://registry.npmjs.org/postgres-interval/-/postgres-interval-1.2.0.tgz",
      "integrity": "sha512-9ZhXKM/rw350N1ovuWHbGxnGh/SNJ4cnxHiM0rxE4VN41wsg8P8zWn9hv/buK00RP4WvlOyr/RBDiptyxVbkZQ==",
      "license": "MIT",
      "dependencies": {
        "xtend": "^4.0.0"
      },
      "engines": {
        "node": ">=0.10.0"
      }
    },
    "node_modules/react": {
      "version": "18.3.1",
      "resolved": "https://registry.npmjs.org/react/-/react-18.3.1.tgz",
      "integrity": "sha512-wS+hAgJShR0KhEvPJArfuPVN1+Hz1t0Y6n5jLrGQbkb4urgPE/0Rve+1kMB1v/oWgHgm4WIcV+i7F2pTVj+2iQ==",
      "license": "MIT",
      "dependencies": {
        "loose-envify": "^1.1.0"
      },
      "engines": {
        "node": ">=0.10.0"
      }
    },
    "node_modules/react-dom": {
      "version": "18.3.1",
      "resolved": "https://registry.npmjs.org/react-dom/-/react-dom-18.3.1.tgz",
      "integrity": "sha512-5m4nQKp+rZRb09LNH59GM4BxTh9251/ylbKIbpe7TpGxfJ+9kv6BLkLBXIjjspbgbnIBNqlI23tRnTWT0snUIw==",
      "license": "MIT",
      "dependencies": {
        "loose-envify": "^1.1.0",
        "scheduler": "^0.23.2"
      },
      "peerDependencies": {
        "react": "^18.3.1"
      }
    },
    "node_modules/scheduler": {
      "version": "0.23.2",
      "resolved": "https://registry.npmjs.org/scheduler/-/scheduler-0.23.2.tgz",
      "integrity": "sha512-UOShsPwz7NrMUqhR6t0hWjFduvOzbtv7toDH1/hIrfRNIDBnnBWd0CwJTGvTpngVlmwGCdP9/Zl/tVrDqcuYzQ==",
      "license": "MIT",
      "dependencies": {
        "loose-envify": "^1.1.0"
      }
    },
    "node_modules/source-map-js": {
      "version": "1.2.2",
      "resolved": "https://registry.npmjs.org/source-map-js/-/source-map-js-1.2.2.tgz",
      "integrity": "sha512-KGj/8Y43x35aZVDtt+J4mK1hoLGHULMYfSkODJNQjNDC3oW1PqPoxMwo0pLUsWM/UEGzON/NxeHywEfNXNP3Vw==",
      "license": "BSD-3-Clause",
      "engines": {
        "node": ">=0.10.0"
      }
    },
    "node_modules/split2": {
      "version": "4.2.0",
      "resolved": "https://registry.npmjs.org/split2/-/split2-4.2.0.tgz",
      "integrity": "sha512-UcjcJOWknrNkF6PLX83qcHM6KHgVKNkV62Y8a5uYDVv9ydGQVwAHMKqHdJje1VTWpljG0WYpCDhrCdAOYH4TWg==",
      "license": "ISC",
      "engines": {
        "node": ">= 10.x"
      }
    },
    "node_modules/streamsearch": {
      "version": "1.1.0",
      "resolved": "https://registry.npmjs.org/streamsearch/-/streamsearch-1.1.0.tgz",
      "integrity": "sha512-Mcc5wHehp9aXz1ax6bZUyY5afg9u2rv5cqQI3mRrYkGC8rW2hM02jWuwjtL++LS5qinSyhj2QfLyNsuc+VsExg==",
      "engines": {
        "node": ">=10.0.0"
      }
    },
    "node_modules/styled-jsx": {
      "version": "5.1.1",
      "resolved": "https://registry.npmjs.org/styled-jsx/-/styled-jsx-5.1.1.tgz",
      "integrity": "sha512-pW7uC1l4mBZ8ugbiZrcIsiIvVx1UmTfw7UkC3Um2tmfUq9Bhk8IiyEIPl6F8agHgjzku6j0xQEZbfA5uSgSaCw==",
      "license": "MIT",
      "dependencies": {
        "client-only": "0.0.1"
      },
      "engines": {
        "node": ">= 12.0.0"
      },
      "peerDependencies": {
        "react": ">= 16.8.0 || 17.x.x || ^18.0.0-0"
      },
      "peerDependenciesMeta": {
        "@babel/core": {
          "optional": true
        },
        "babel-plugin-macros": {
          "optional": true
        }
      }
    },
    "node_modules/tslib": {
      "version": "2.8.1",
      "resolved": "https://registry.npmjs.org/tslib/-/tslib-2.8.1.tgz",
      "integrity": "sha512-oJFu94HQb+KVduSUQL7wnpmqnfmLsOA/nAh6b6EH0wCEoK0/mPeXU6c3wKDV83MkOuHPRHtSXKKU99IBazS/2w==",
      "license": "0BSD"
    },
    "node_modules/typescript": {
      "version": "5.8.2",
      "resolved": "https://registry.npmjs.org/typescript/-/typescript-5.8.2.tgz",
      "integrity": "sha512-aJn6wq13/afZp/jT9QZmwEjDqqvSGp1VT5GVg+f/t6/oVyrgXM6BY1h9BRh/O5p3PlUPAe+WuiEZOmb/49RqoQ==",
      "dev": true,
      "license": "Apache-2.0",
      "bin": {
        "tsc": "bin/tsc",
        "tsserver": "bin/tsserver"
      },
      "engines": {
        "node": ">=14.17"
      }
    },
    "node_modules/undici-types": {
      "version": "6.19.8",
      "resolved": "https://registry.npmjs.org/undici-types/-/undici-types-6.19.8.tgz",
      "integrity": "sha512-ve2KP6f/JnbPBFyobGHuerC9g1FYGn/F8n1LWTwNxCEzd6IfqTwUQcNXgEtmmQ6DlRrC1hrSrBnCZPokRrDHjw==",
      "dev": true,
      "license": "MIT"
    },
    "node_modules/xtend": {
      "version": "4.0.2",
      "resolved": "https://registry.npmjs.org/xtend/-/xtend-4.0.2.tgz",
      "integrity": "sha512-LKYU1iAXJXUgAXn9URjiu+MWhyUXHsvfp7mcuYm9dSUKK0/CjtrUwFAxD82/mCWbtLsGjFIad0wIsod4zrTAEQ==",
      "license": "MIT",
      "engines": {
        "node": ">=0.4"
=======
      "private": true,
      "packageManager": "npm@10.9.2",
      "dependencies": {
        "next": "14.2.31",
        "react": "18.3.1",
        "react-dom": "18.3.1",
        "pg": "8.16.3"
      },
      "devDependencies": {
        "@types/node": "20.17.30",
        "@types/react": "18.3.18",
        "@types/react-dom": "18.3.5",
        "typescript": "5.8.2",
        "@types/pg": "8.15.5"
      },
      "scripts": {
        "dev": "next dev",
        "build": "next build",
        "start": "next start",
        "lint": "next lint",
        "prebuild": "node scripts_preflight.mjs",
        "audit": "node scripts/release_audit.mjs",
        "release-gate": "node scripts/v406_release_gate.mjs",
        "deployment-smoke": "node scripts/deployment_smoke.mjs",
        "typecheck": "tsc --noEmit",
        "contract-check": "node scripts/contract_check.mjs",
        "parity-check": "node scripts/parity_check.mjs",
        "test": "node scripts/run-tests.mjs",
        "migration-check": "node scripts/migration_check.mjs",
        "migrate": "node scripts/migrate.mjs",
        "release-audit": "npm run audit && npm run migration-check",
        "production-readiness": "node scripts/production_readiness.mjs",
        "runtime-failure-harness": "node --experimental-strip-types scripts/runtime_failure_harness.mjs",
        "acquisition-audit": "node scripts/acquisition_audit.mjs",
        "enterprise-audit": "node scripts/enterprise_audit.mjs",
        "security-abuse": "node --experimental-strip-types scripts/security_abuse_suite.mjs",
        "buyer-pack": "node scripts/buyer_pack_audit.mjs",
        "architecture-fitness": "node scripts/architecture_fitness.mjs",
        "sbom": "node scripts/sbom.mjs",
        "sovereign-audit": "node scripts/sovereign_audit.mjs",
        "distributed-audit": "node scripts/distributed_audit.mjs",
        "reliability-audit": "node scripts/reliability_audit.mjs",
        "verification-audit": "node scripts/verification_chaos_audit.mjs",
        "chaos-suite": "node --experimental-strip-types scripts/verification_chaos_suite.mjs",
        "reliability-lab": "node --experimental-strip-types scripts/reliability_lab.mjs",
        "reliability-lab-audit": "node scripts/reliability_lab_audit.mjs",
        "reliability-lab-replay": "node --experimental-strip-types scripts/reliability_lab_replay.mjs",
        "continuous-reliability": "node --experimental-strip-types scripts/continuous_reliability.mjs",
        "continuous-reliability-audit": "node scripts/continuous_reliability_audit.mjs",
        "autonomous-reliability-loop": "node --experimental-strip-types scripts/autonomous_reliability_loop.mjs",
        "autonomous-reliability-audit": "node scripts/autonomous_reliability_audit.mjs",
        "production-reliability": "node --experimental-strip-types scripts/production_reliability.mjs",
        "production-reliability-audit": "node scripts/production_reliability_audit.mjs",
        "deployment-autopilot": "node --experimental-strip-types scripts/deployment_autopilot.mjs",
        "deployment-autopilot-audit": "node scripts/deployment_autopilot_audit.mjs",
        "progressive-delivery": "node --experimental-strip-types scripts/progressive_delivery.mjs",
        "progressive-delivery-audit": "node scripts/progressive_delivery_audit.mjs",
        "global-deployment": "node --experimental-strip-types scripts/global_deployment.mjs",
        "global-deployment-audit": "node scripts/global_deployment_audit.mjs",
        "production-infrastructure": "node --experimental-strip-types scripts/production_infrastructure.mjs",
        "production-infrastructure-audit": "node scripts/production_infrastructure_audit.mjs",
        "production-control-plane": "node --experimental-strip-types scripts/production_control_plane.mjs",
        "production-control-plane-audit": "node scripts/production_control_plane_audit.mjs",
        "production-bootstrap": "node --experimental-strip-types scripts/production_bootstrap.mjs",
        "production-bootstrap-audit": "node scripts/production_bootstrap_audit.mjs",
        "production-integration-smoke": "node --experimental-strip-types scripts/production_integration_smoke.mjs",
        "provider-reconciliation-worker": "node --experimental-strip-types scripts/provider_reconciliation_worker.mjs",
        "autonomous-commerce-runtime": "node --experimental-strip-types scripts/autonomous_commerce_runtime.mjs",
        "autonomous-commerce-orchestrator": "node --experimental-strip-types scripts/autonomous_commerce_orchestrator.mjs",
        "amazon-revenue-os": "node --experimental-strip-types scripts/amazon_revenue_os.mjs",
        "amazon-revenue-engine": "node --experimental-strip-types scripts/amazon_revenue_engine.mjs",
        "revenue-autopilot": "node --experimental-strip-types scripts/revenue_autopilot.mjs",
        "revenue-intelligence": "node --experimental-strip-types scripts/revenue_intelligence.mjs",
        "revenue-experimentation": "node --experimental-strip-types scripts/revenue_experimentation.mjs",
        "revenue-decision-loop": "node --experimental-strip-types scripts/revenue_decision_loop.mjs",
        "security-audit-v221": "node scripts/security_audit_v221.mjs",
        "financial-security-audit-v221": "node scripts/financial_security_audit_v221.mjs",
        "api-docs": "node scripts/api_docs.mjs",
        "api-docs-check": "node scripts/api_docs_check.mjs",
        "load-stress-v221": "node scripts/load_stress_v221.mjs",
        "performance-audit-v221": "node scripts/performance_audit_v221.mjs",
        "endpoint-auth-matrix-v222": "node scripts/endpoint_auth_matrix_v222.mjs",
        "query-scale-audit-v222": "node scripts/query_scale_audit_v222.mjs",
        "secret-scan-v222": "node scripts/secret_scan_v222.mjs",
        "observability-audit-v223": "node scripts/observability_audit_v223.mjs",
        "security-scale-hardening-v224": "node scripts/security_scale_hardening_v224.mjs",
        "dependency-audit-v224": "node scripts/dependency_audit_v224.mjs",
        "global-reliability": "node --experimental-strip-types scripts/global_reliability_v225.mjs",
        "global-reliability-audit": "node scripts/global_reliability_audit_v225.mjs",
        "owner-control-room": "node --experimental-strip-types scripts/owner_control_room_v227.mjs",
        "reality-audit-v228": "node scripts/reality_audit_v228.mjs",
        "verify:production": "node scripts/verify-production.mjs",
        "verify:ci": "npm run version-audit && npm run legacy-runtime-surface-audit && npm run v251-legacy-surface-test && npm run full-system-reality-audit && npm run reality-evidence-receipts && npm run v259-reality-evidence-receipts-test && npm run durable-autonomous-orchestrator-audit && npm run v250-durable-orchestrator-test && npm run v249-reality-test && npm run reality-claim-audit && npm run reality-claim-resolver && npm run v255-reality-claim-resolution-test && npm run v248-reality-claims-test && npm run consumer-registry-audit && npm run v246-consumer-registry-test && npm run durable-event-audit && npm run distributed-commerce-audit && npm run commerce-consumer-mesh-audit && npm run migration-check && npm run production-contract && npm run cell-scaling-audit && npm test && npm run reality-capability-evidence-execution && npm run v261-capability-evidence-test",
        "production-kernel": "node scripts/production_kernel_audit.mjs",
        "fulfillment-provider-worker": "node --experimental-strip-types scripts/fulfillment_provider_worker.mjs",
        "fulfillment-provider-audit": "node scripts/fulfillment_provider_audit.mjs",
        "customer-commerce-worker": "node --experimental-strip-types scripts/customer_commerce_worker.mjs",
        "reality-gate-v237": "node tests/v237-reality-consolidation.test.mjs",
        "production-contract": "node scripts/production_contract_audit.mjs",
        "payment-provider-worker": "node --experimental-strip-types scripts/payment_provider_worker.mjs",
        "payment-provider-audit": "node scripts/payment_provider_audit.mjs",
        "payment-provider-contract-test": "node --experimental-strip-types tests/v240-provider-contract.test.mjs",
        "version-audit": "node scripts/version_consistency_audit.mjs",
        "cell-scaling-audit": "node scripts/cell_scaling_audit.mjs",
        "durable-event-worker": "node --experimental-strip-types scripts/durable_event_worker.mjs",
        "durable-event-audit": "node scripts/durable_event_audit.mjs",
        "commerce-event-publisher": "node --experimental-strip-types scripts/commerce_event_publisher.mjs",
        "distributed-commerce-audit": "node scripts/v243-distributed-commerce-audit.mjs",
        "commerce-consumer-mesh": "node --experimental-strip-types scripts/commerce_consumer_mesh.mjs",
        "commerce-consumer-mesh-audit": "node scripts/commerce_consumer_mesh_audit.mjs",
        "v244-consumer-mesh-test": "node tests/v244-consumer-mesh.test.mjs",
        "domain-execution-audit": "node scripts/domain_execution_audit.mjs",
        "consumer-registry-audit": "node scripts/consumer_registry_audit.mjs",
        "v246-consumer-registry-test": "node tests/v246-consumer-registry.test.mjs",
        "reality-proof": "node scripts/reality_proof_audit.mjs",
        "schema-contract-test": "node --experimental-strip-types tests/v247-schema-contract.test.mjs",
        "reality-claim-audit": "node scripts/reality_claim_audit.mjs",
        "v248-reality-claims-test": "node tests/v248-reality-claims.test.mjs",
        "full-system-reality-audit": "node scripts/full_system_reality_audit.mjs",
        "v249-reality-test": "node tests/v249-full-system-reality.test.mjs",
        "durable-autonomous-orchestrator-audit": "node scripts/durable_autonomous_orchestrator_audit.mjs",
        "v250-durable-orchestrator-test": "node tests/v250-durable-autonomous-orchestrator.test.mjs",
        "legacy-runtime-surface-audit": "node scripts/legacy_runtime_surface_audit.mjs",
        "v251-legacy-surface-test": "node tests/v251-legacy-runtime-surface.test.mjs",
        "reality-evidence-graph": "node scripts/reality_evidence_graph.mjs",
        "reality-evidence-promotion": "node scripts/reality_evidence_promotion.mjs",
        "reality-claim-authoring": "node scripts/reality_claim_authoring.mjs",
        "reality-claim-resolver": "node scripts/reality_claim_resolver.mjs",
        "v255-reality-claim-resolution-test": "node tests/v255-reality-claim-resolution.test.mjs",
        "reality-evidence-execution": "node --experimental-strip-types scripts/reality_evidence_execution.mjs",
        "reality-claim-contracts": "node scripts/reality_claim_contract_compiler.mjs",
        "reality-capability-evidence": "node scripts/reality_capability_evidence_resolver.mjs",
        "v258-capability-evidence-test": "node tests/v258-capability-evidence.test.mjs",
        "reality-evidence-receipts": "node scripts/reality_evidence_receipt.mjs",
        "v259-reality-evidence-receipts-test": "node tests/v259-reality-evidence-receipts.test.mjs",
        "reality-evidence-factory": "node scripts/reality_evidence_factory.mjs",
        "v260-reality-evidence-factory-test": "node tests/v260-reality-evidence-factory.test.mjs",
        "reality-capability-evidence-execution": "node scripts/reality_capability_evidence_executor.mjs",
        "v261-capability-evidence-test": "node tests/v261-capability-evidence-execution.test.mjs",
        "reality-evidence-attestation": "node scripts/reality_evidence_attestation.mjs",
        "v262-reality-evidence-attestation-test": "node --test tests/v262-reality-evidence-attestation.test.mjs",
        "reality-promotion-control": "node scripts/reality_promotion_control.mjs",
        "v263-promotion-control-test": "node tests/v263-promotion-control.test.mjs",
        "reality-promotion-ledger": "node scripts/reality_promotion_ledger.mjs",
        "v264-promotion-ledger-test": "node tests/v264-promotion-ledger.test.mjs",
        "reality-promotion-authorization": "node scripts/reality_promotion_authorization.mjs",
        "v265-promotion-authorization-test": "node tests/v265-promotion-authorization.test.mjs",
        "reality-promotion-key-lifecycle": "node scripts/reality_promotion_key_lifecycle.mjs",
        "v266-promotion-key-lifecycle-test": "node tests/v266-promotion-key-lifecycle.test.mjs",
        "v268-promotion-command-gateway-test": "node tests/v268-promotion-command-gateway.test.mjs",
        "reality-loop-breaker": "node scripts/reality_loop_breaker.mjs",
        "reality-productivity-guard": "node scripts/reality_productivity_guard.mjs",
        "v269-reality-loop-breaker-test": "node tests/v269-reality-loop-breaker.test.mjs",
        "v270-marketplace-growth-test": "node tests/v270-marketplace-growth.test.mjs",
        "v272-marketplace-offer-buybox-test": "node tests/v272-marketplace-offer-buybox.test.mjs",
        "v277-shopping-missions-test": "node --test tests/v277-shopping-missions-smart-bundles.test.mjs",
        "v281-promotion-correctness-test": "node --test tests/v281-promotion-correctness.test.mjs",
        "marketplace-promotion-lifecycle": "node --experimental-strip-types scripts/marketplace_promotion_lifecycle.mjs",
        "v294-production-e2e-contract": "node --experimental-strip-types tests/v294-production-e2e.test.mjs",
        "production-e2e": "node --experimental-strip-types scripts/production_e2e.mjs",
        "global-commerce-v296": "npm run global-commerce-v296 && npm run v296-global-commerce-test",
        "v296-global-commerce-test": "node tests/v296-global-commerce.test.mjs",
        "global-logistics-execution-worker": "node --experimental-strip-types scripts/global_logistics_v306_worker.mjs",
        "global-logistics-network": "node --experimental-strip-types scripts/global_logistics_v311_audit.mjs",
        "v313:evidence": "node scripts/v313_critical_evidence.mjs",
        "v314-test": "node --experimental-strip-types tests/v314-platform-unification.test.mjs",
        "v314-evidence": "node --experimental-strip-types scripts/v314_evidence_suite.mjs",
        "v314-audit": "node scripts/v314_audit.mjs",
        "v315-verification": "node scripts/v315_verification_suite.mjs",
        "v315-test": "node --experimental-strip-types tests/v315-verification-platform.test.mjs",
        "v315-postgres": "node --experimental-strip-types scripts/v315_postgres_integration.mjs",
        "v315-audit": "node scripts/v315_audit.mjs",
        "v316-test": "node --experimental-strip-types tests/v316-marketplace-os.test.mjs",
        "v316-verification": "node scripts/v316_verification_suite.mjs",
        "v316-audit": "node scripts/v316_audit.mjs",
        "v317-test": "node --experimental-strip-types tests/v317-transactional-marketplace.test.mjs",
        "v317-audit": "node scripts/v317_audit.mjs",
        "v317-verification": "node scripts/v317_verification_suite.mjs",
        "v317-execute": "node --experimental-strip-types scripts/v317_execute_lab.mjs",
        "v318-test": "node --experimental-strip-types tests/v318-integration-lab.test.mjs",
        "v318-integration-lab": "node --experimental-strip-types scripts/v318_integration_lab.mjs",
        "v318-postgres-lab": "node --experimental-strip-types scripts/v318_postgres_lab.mjs",
        "v318-audit": "node scripts/v318_audit.mjs",
        "v319-test": "node --experimental-strip-types tests/v319-real-capabilities.test.mjs",
        "v326-test": "node tests/v326-commerce-journey.test.mjs",
        "v319-reality-gate": "node scripts/v319_reality_gate.mjs",
        "v319-verification": "node scripts/v319_verification.mjs",
        "v319-audit": "node scripts/v319_audit.mjs",
        "inventory-reservation-worker": "node --experimental-strip-types scripts/inventory_reservation_worker.mjs",
        "commerce-execution-worker": "node --experimental-strip-types scripts/commerce_execution_worker.mjs",
        "current-head-reality": "node scripts/current_head_reality_gate.mjs",
        "commerce-event-publisher-once": "TRUST_COMMERCE_EVENT_PUBLISHER_TRIGGER=manual node --experimental-strip-types scripts/commerce_event_publisher.mjs --once",
        "commerce-consumer-worker": "node --experimental-strip-types scripts/commerce_consumer_worker.mjs",
        "commerce-consumer-execution-test": "node --test tests/v367-consumer-execution.test.mjs",
        "commerce-consumer-execution-audit": "node scripts/current_consumer_execution_audit.mjs",
        "consumer-control-plane-audit": "node scripts/current_consumer_control_plane_audit.mjs",
        "consumer-control-plane-test": "node --test tests/v368-consumer-control-plane.test.mjs",
        "consumer-control-plane-recover": "node --experimental-strip-types scripts/consumer_control_plane_recovery.mjs",
        "operations-brain-audit": "node scripts/current_operations_brain_audit.mjs",
        "operations-brain-test": "node --experimental-strip-types --test tests/v369-operations-brain.test.mjs",
        "operations-recovery": "node --experimental-strip-types scripts/commerce_operations_recovery.mjs",
        "command-center-audit": "node scripts/current_command_center_audit.mjs",
        "command-center-test": "node --test tests/v370-command-center.test.mjs",
        "commerce-verified-recovery": "node --experimental-strip-types scripts/verified_commerce_recovery.mjs",
        "commerce-verified-recovery-audit": "node scripts/current_verified_recovery_audit.mjs",
        "commerce-verified-recovery-test": "node --test tests/v371-verified-recovery.test.mjs",
        "reliability-fabric-audit": "node scripts/current_reliability_fabric_audit.mjs",
        "reliability-recovery-audit": "node scripts/current_verified_order_recovery_audit.mjs",
        "unified-commerce-os-audit": "node scripts/current_unified_commerce_os_audit.mjs",
        "unified-commerce-os-test": "node --test tests/v374-unified-commerce-os.test.mjs",
        "global-commerce-control-plane-audit": "node scripts/current_global_commerce_control_plane_audit.mjs",
        "global-commerce-control-plane-test": "node --test tests/v375-global-commerce-control-plane.test.mjs",
        "commerce-incident-orchestrator-audit": "node scripts/current_commerce_incident_orchestrator_audit.mjs",
        "commerce-incident-orchestrator-test": "node --test tests/v376-commerce-incident-orchestrator.test.mjs",
        "learning-policy-audit": "node scripts/current_learning_policy_audit.mjs",
        "learning-policy-test": "node --test tests/v378-learning-policy.test.mjs",
        "policy-governance-audit": "node scripts/current_policy_governance_audit.mjs",
        "policy-governance-test": "node --test tests/v379-policy-governance.test.mjs",
        "decision-fabric-audit": "node scripts/current_decision_fabric_audit.mjs",
        "decision-fabric-test": "node --test tests/v380-decision-fabric.test.mjs",
        "decision-command-audit": "node scripts/current_decision_command_gateway_audit.mjs",
        "decision-command-test": "node --test tests/v381-decision-command-gateway.test.mjs",
        "execution-mesh-audit": "node scripts/current_execution_mesh_audit.mjs",
        "execution-mesh-test": "node --test tests/v382-execution-mesh.test.mjs",
        "execution-mesh-worker": "node --experimental-strip-types scripts/execution_mesh_worker.mjs",
        "execution-fabric-audit": "node scripts/current_execution_fabric_audit.mjs",
        "execution-fabric-test": "node tests/v383-execution-fabric.test.mjs",
        "execution-fabric-worker": "node --experimental-strip-types scripts/execution_fabric_worker.mjs",
        "marketplace-experience-audit": "node scripts/v384_marketplace_experience_audit.mjs",
        "marketplace-experience-test": "node tests/v384-marketplace-experience.test.mjs",
        "commercial-journey-audit": "node scripts/v385_commercial_journey_audit.mjs",
        "commercial-journey-test": "node tests/v385-commercial-journey.test.mjs",
        "payment-completion-audit": "node scripts/v386_payment_completion_audit.mjs",
        "payment-completion-test": "node tests/v386-payment-completion.test.mjs",
        "fulfillment-delivery-audit": "node scripts/v387_fulfillment_delivery_audit.mjs",
        "fulfillment-delivery-test": "node tests/v387-fulfillment-delivery.test.mjs",
        "global-marketplace-order-os-audit": "node scripts/v388_global_marketplace_order_os_audit.mjs",
        "global-marketplace-order-os-test": "node tests/v388-global-marketplace-order-os.test.mjs",
        "post-purchase-os-audit": "node scripts/v389_post_purchase_os_audit.mjs",
        "post-purchase-os-test": "node tests/v389-post-purchase-os.test.mjs",
        "super-control-audit": "node scripts/v390_super_control_audit.mjs",
        "super-control-test": "node tests/v390-super-control.test.mjs",
        "commerce-e2e-chaos": "node scripts/v391_e2e_chaos.mjs",
        "postgres-integration-lab": "node --experimental-strip-types scripts/v391_postgres_integration_lab.mjs",
        "postgres-integration-audit": "node scripts/v391_postgres_integration_audit.mjs",
        "load-resilience": "node scripts/v392_load_resilience.mjs",
        "load-resilience-audit": "node scripts/v392_load_resilience_audit.mjs",
        "commerce-truth-audit": "node scripts/v393_commerce_truth_audit.mjs",
        "commerce-reconciliation": "node --experimental-strip-types scripts/v394_commerce_reconciliation.mjs",
        "commerce-reconciliation-audit": "node scripts/v394_commerce_reconciliation_audit.mjs"
>>>>>>> 132be240c88d40a87f366b812ddb12760cc122bb
      }
    }
  }
}
